
Microsoft Visual Studio Solution File, Format Version 12.00
# Visual Studio Version 17
VisualStudioVersion = 17.13.35828.75 d17.13
MinimumVisualStudioVersion = 10.0.40219.1
Project("{FAE04EC0-301F-11D3-BF4B-00C04F79EFBC}") = "MediatorAsx", "MediatorAsx\MediatorAsx.csproj", "{222E9979-E940-4EEC-A26E-490CEDAD3CF1}"
EndProject
Project("{FAE04EC0-301F-11D3-BF4B-00C04F79EFBC}") = "MediatorAsx.Abstractions", "MediatorAsx.Abstractions\MediatorAsx.Abstractions.csproj", "{206F1FDB-CA2B-47AD-B772-32D437E5059B}"
EndProject
Project("{FAE04EC0-301F-11D3-BF4B-00C04F79EFBC}") = "MediatorAsx.Samples", "MediatorAsx.Samples\MediatorAsx.Samples.csproj", "{7067E56D-BC5A-4572-8688-68E5A4BA1865}"
EndProject
Project("{FAE04EC0-301F-11D3-BF4B-00C04F79EFBC}") = "MyMediator.Api", "MyMediator.Api\MyMediator.Api.csproj", "{A6E1D9F2-2A26-4924-AD62-17F277A212E2}"
EndProject
Project("{FAE04EC0-301F-11D3-BF4B-00C04F79EFBC}") = "MyMediator.Application", "MyMediator.Application\MyMediator.Application.csproj", "{2149CD05-2945-4353-B1DB-C0A028F17E60}"
EndProject
Project("{FAE04EC0-301F-11D3-BF4B-00C04F79EFBC}") = "MyMediator.Domain", "MyMediator.Domain\MyMediator.Domain.csproj", "{40D21BC3-D771-4FAD-A362-A3867D5CF2BB}"
EndProject
Project("{FAE04EC0-301F-11D3-BF4B-00C04F79EFBC}") = "MyMediator.Infrastructure", "MyMediator.Infrastructure\MyMediator.Infrastructure.csproj", "{60CFB0F1-7318-434A-82F4-3942A9A13E70}"
EndProject
Global
	GlobalSection(SolutionConfigurationPlatforms) = preSolution
		Debug|Any CPU = Debug|Any CPU
		Release|Any CPU = Release|Any CPU
	EndGlobalSection
	GlobalSection(ProjectConfigurationPlatforms) = postSolution
		{222E9979-E940-4EEC-A26E-490CEDAD3CF1}.Debug|Any CPU.ActiveCfg = Debug|Any CPU
		{222E9979-E940-4EEC-A26E-490CEDAD3CF1}.Debug|Any CPU.Build.0 = Debug|Any CPU
		{222E9979-E940-4EEC-A26E-490CEDAD3CF1}.Release|Any CPU.ActiveCfg = Release|Any CPU
		{222E9979-E940-4EEC-A26E-490CEDAD3CF1}.Release|Any CPU.Build.0 = Release|Any CPU
		{206F1FDB-CA2B-47AD-B772-32D437E5059B}.Debug|Any CPU.ActiveCfg = Debug|Any CPU
		{206F1FDB-CA2B-47AD-B772-32D437E5059B}.Debug|Any CPU.Build.0 = Debug|Any CPU
		{206F1FDB-CA2B-47AD-B772-32D437E5059B}.Release|Any CPU.ActiveCfg = Release|Any CPU
		{206F1FDB-CA2B-47AD-B772-32D437E5059B}.Release|Any CPU.Build.0 = Release|Any CPU
		{7067E56D-BC5A-4572-8688-68E5A4BA1865}.Debug|Any CPU.ActiveCfg = Debug|Any CPU
		{7067E56D-BC5A-4572-8688-68E5A4BA1865}.Debug|Any CPU.Build.0 = Debug|Any CPU
		{7067E56D-BC5A-4572-8688-68E5A4BA1865}.Release|Any CPU.ActiveCfg = Release|Any CPU
		{7067E56D-BC5A-4572-8688-68E5A4BA1865}.Release|Any CPU.Build.0 = Release|Any CPU
		{A6E1D9F2-2A26-4924-AD62-17F277A212E2}.Debug|Any CPU.ActiveCfg = Debug|Any CPU
		{A6E1D9F2-2A26-4924-AD62-17F277A212E2}.Debug|Any CPU.Build.0 = Debug|Any CPU
		{A6E1D9F2-2A26-4924-AD62-17F277A212E2}.Release|Any CPU.ActiveCfg = Release|Any CPU
		{A6E1D9F2-2A26-4924-AD62-17F277A212E2}.Release|Any CPU.Build.0 = Release|Any CPU
		{2149CD05-2945-4353-B1DB-C0A028F17E60}.Debug|Any CPU.ActiveCfg = Debug|Any CPU
		{2149CD05-2945-4353-B1DB-C0A028F17E60}.Debug|Any CPU.Build.0 = Debug|Any CPU
		{2149CD05-2945-4353-B1DB-C0A028F17E60}.Release|Any CPU.ActiveCfg = Release|Any CPU
		{2149CD05-2945-4353-B1DB-C0A028F17E60}.Release|Any CPU.Build.0 = Release|Any CPU
		{40D21BC3-D771-4FAD-A362-A3867D5CF2BB}.Debug|Any CPU.ActiveCfg = Debug|Any CPU
		{40D21BC3-D771-4FAD-A362-A3867D5CF2BB}.Debug|Any CPU.Build.0 = Debug|Any CPU
		{40D21BC3-D771-4FAD-A362-A3867D5CF2BB}.Release|Any CPU.ActiveCfg = Release|Any CPU
		{40D21BC3-D771-4FAD-A362-A3867D5CF2BB}.Release|Any CPU.Build.0 = Release|Any CPU
		{60CFB0F1-7318-434A-82F4-3942A9A13E70}.Debug|Any CPU.ActiveCfg = Debug|Any CPU
		{60CFB0F1-7318-434A-82F4-3942A9A13E70}.Debug|Any CPU.Build.0 = Debug|Any CPU
		{60CFB0F1-7318-434A-82F4-3942A9A13E70}.Release|Any CPU.ActiveCfg = Release|Any CPU
		{60CFB0F1-7318-434A-82F4-3942A9A13E70}.Release|Any CPU.Build.0 = Release|Any CPU
	EndGlobalSection
	GlobalSection(SolutionProperties) = preSolution
		HideSolutionNode = FALSE
	EndGlobalSection
	GlobalSection(ExtensibilityGlobals) = postSolution
		SolutionGuid = {D79B79FA-C5CF-4719-8F2E-74A9DDDCA323}
	EndGlobalSection
EndGlobal
