Microsoft Visual Studio Solution File, Format Version 12.00
# Visual Studio Version 17
VisualStudioVersion = 17.5.2.0
MinimumVisualStudioVersion = 10.0.40219.1
Project("{FAE04EC0-301F-11D3-BF4B-00C04F79EFBC}") = "MediatorAsx", "MediatorAsx.csproj", "{7C93803B-0117-E54E-9FE9-FCFFC2BE0E5A}"
EndProject
Global
	GlobalSection(SolutionConfigurationPlatforms) = preSolution
		Debug|Any CPU = Debug|Any CPU
		Release|Any CPU = Release|Any CPU
	EndGlobalSection
	GlobalSection(ProjectConfigurationPlatforms) = postSolution
		{7C93803B-0117-E54E-9FE9-FCFFC2BE0E5A}.Debug|Any CPU.ActiveCfg = Debug|Any CPU
		{7C93803B-0117-E54E-9FE9-FCFFC2BE0E5A}.Debug|Any CPU.Build.0 = Debug|Any CPU
		{7C93803B-0117-E54E-9FE9-FCFFC2BE0E5A}.Release|Any CPU.ActiveCfg = Release|Any CPU
		{7C93803B-0117-E54E-9FE9-FCFFC2BE0E5A}.Release|Any CPU.Build.0 = Release|Any CPU
	EndGlobalSection
	GlobalSection(SolutionProperties) = preSolution
		HideSolutionNode = FALSE
	EndGlobalSection
	GlobalSection(ExtensibilityGlobals) = postSolution
		SolutionGuid = {3A774087-9458-4822-8227-97C95EB11D37}
	EndGlobalSection
EndGlobal
